// !$*UTF8*$!
{
	archiveVersion = 1;
	classes = {
	};
	objectVersion = 56;
	objects = {

/* Begin PBXFileReference section */
		EDABFB972BEB3DF2002566F9 /* .gitignore */ = {isa = PBXFileReference; lastKnownFileType = text; path = .gitignore; sourceTree = "<group>"; };
/* End PBXFileReference section */

/* Begin PBXGroup section */
		EDABFB902BEB3DA4002566F9 = {
			isa = PBXGroup;
			children = (
				EDABFB972BEB3DF2002566F9 /* .gitignore */,
			);
			sourceTree = "<group>";
		};
/* End PBXGroup section */

/* Begin PBXProject section */
		EDABFB912BEB3DA4002566F9 /* Project object */ = {
			isa = PBXProject;
			attributes = {
				BuildIndependentTargetsInParallel = 1;
				LastUpgradeCheck = 1530;
			};
			buildConfigurationList = EDABFB942BEB3DA4002566F9 /* Build configuration list for PBXProject "gameboy-for-mac" */;
			compatibilityVersion = "Xcode 14.0";
			developmentRegion = en;
			hasScannedForEncodings = 0;
			knownRegions = (
				en,
				Base,
			);
			mainGroup = EDABFB902BEB3DA4002566F9;
			projectDirPath = "";
			projectRoot = "";
			targets = (
			);
		};
/* End PBXProject section */

/* Begin XCBuildConfiguration section */
		EDABFB952BEB3DA4002566F9 /* Debug */ = {
			isa = XCBuildConfiguration;
			buildSettings = {
			};
			name = Debug;
		};
		EDABFB962BEB3DA4002566F9 /* Release */ = {
			isa = XCBuildConfiguration;
			buildSettings = {
			};
			name = Release;
		};
/* End XCBuildConfiguration section */

/* Begin XCConfigurationList section */
		EDABFB942BEB3DA4002566F9 /* Build configuration list for PBXProject "gameboy-for-mac" */ = {
			isa = XCConfigurationList;
			buildConfigurations = (
				EDABFB952BEB3DA4002566F9 /* Debug */,
				EDABFB962BEB3DA4002566F9 /* Release */,
			);
			defaultConfigurationIsVisible = 0;
			defaultConfigurationName = Release;
		};
/* End XCConfigurationList section */
	};
	rootObject = EDABFB912BEB3DA4002566F9 /* Project object */;
}
